
Microsoft Visual Studio Solution File, Format Version 12.00
# Visual Studio Version 17
VisualStudioVersion = 17.14.36414.22 d17.14
MinimumVisualStudioVersion = 10.0.40219.1
Project("{FAE04EC0-301F-11D3-BF4B-00C04F79EFBC}") = "ValentineSite", "ValentineSite\ValentineSite.csproj", "{1CB616F6-0ECB-424F-8FF3-3AAC965A103C}"
EndProject
Global
	GlobalSection(SolutionConfigurationPlatforms) = preSolution
		Debug|Any CPU = Debug|Any CPU
		Release|Any CPU = Release|Any CPU
	EndGlobalSection
	GlobalSection(ProjectConfigurationPlatforms) = postSolution
		{1CB616F6-0ECB-424F-8FF3-3AAC965A103C}.Debug|Any CPU.ActiveCfg = Debug|Any CPU
		{1CB616F6-0ECB-424F-8FF3-3AAC965A103C}.Debug|Any CPU.Build.0 = Debug|Any CPU
		{1CB616F6-0ECB-424F-8FF3-3AAC965A103C}.Release|Any CPU.ActiveCfg = Release|Any CPU
		{1CB616F6-0ECB-424F-8FF3-3AAC965A103C}.Release|Any CPU.Build.0 = Release|Any CPU
	EndGlobalSection
	GlobalSection(SolutionProperties) = preSolution
		HideSolutionNode = FALSE
	EndGlobalSection
	GlobalSection(ExtensibilityGlobals) = postSolution
		SolutionGuid = {C5D9D8E6-2108-44EB-B2EE-C71AAC388F74}
	EndGlobalSection
EndGlobal
